
Microsoft Visual Studio Solution File, Format Version 12.00
# Visual Studio Version 16
VisualStudioVersion = 16.0.29509.3
MinimumVisualStudioVersion = 10.0.40219.1
Project("{9A19103F-16F7-4668-BE54-9A1E7A4F7556}") = "Cinegy.TsAnalyzer", "Cinegy.TsAnalyzer\Cinegy.TsAnalyzer.csproj", "{49AFFA46-0559-4616-89A7-5D7DF7CD4AC7}"
EndProject
Project("{9A19103F-16F7-4668-BE54-9A1E7A4F7556}") = "Cinegy.TsAnalysis", "..\TsAnalysis\Cinegy.TsAnalysis\Cinegy.TsAnalysis.csproj", "{856708DF-0A08-4B78-896C-DC6957C9E61D}"
EndProject
Project("{9A19103F-16F7-4668-BE54-9A1E7A4F7556}") = "Cinegy.Telemetry", "..\Telemetry\Cinegy.Telemetry\Cinegy.Telemetry.csproj", "{9AACF467-9BFB-4755-9614-2AA66CC5D529}"
EndProject
Project("{9A19103F-16F7-4668-BE54-9A1E7A4F7556}") = "Cinegy.TsDecoder", "..\TsDecoder\Cinegy.TsDecoder\Cinegy.TsDecoder.csproj", "{17B8E869-C946-4B6B-870D-AF6CF0F86C29}"
EndProject
Project("{9A19103F-16F7-4668-BE54-9A1E7A4F7556}") = "Cinegy.TtxDecoder", "..\TtxDecoder\Cinegy.TtxDecoder\Cinegy.TtxDecoder.csproj", "{091CEF36-ACF7-4C4D-A5C8-484C7BFA426B}"
EndProject
Global
	GlobalSection(SolutionConfigurationPlatforms) = preSolution
		Debug|Any CPU = Debug|Any CPU
		Release|Any CPU = Release|Any CPU
	EndGlobalSection
	GlobalSection(ProjectConfigurationPlatforms) = postSolution
		{49AFFA46-0559-4616-89A7-5D7DF7CD4AC7}.Debug|Any CPU.ActiveCfg = Debug|Any CPU
		{49AFFA46-0559-4616-89A7-5D7DF7CD4AC7}.Debug|Any CPU.Build.0 = Debug|Any CPU
		{49AFFA46-0559-4616-89A7-5D7DF7CD4AC7}.Release|Any CPU.ActiveCfg = Release|Any CPU
		{49AFFA46-0559-4616-89A7-5D7DF7CD4AC7}.Release|Any CPU.Build.0 = Release|Any CPU
		{856708DF-0A08-4B78-896C-DC6957C9E61D}.Debug|Any CPU.ActiveCfg = Debug|Any CPU
		{856708DF-0A08-4B78-896C-DC6957C9E61D}.Debug|Any CPU.Build.0 = Debug|Any CPU
		{856708DF-0A08-4B78-896C-DC6957C9E61D}.Release|Any CPU.ActiveCfg = Release|Any CPU
		{856708DF-0A08-4B78-896C-DC6957C9E61D}.Release|Any CPU.Build.0 = Release|Any CPU
		{9AACF467-9BFB-4755-9614-2AA66CC5D529}.Debug|Any CPU.ActiveCfg = Debug|Any CPU
		{9AACF467-9BFB-4755-9614-2AA66CC5D529}.Debug|Any CPU.Build.0 = Debug|Any CPU
		{9AACF467-9BFB-4755-9614-2AA66CC5D529}.Release|Any CPU.ActiveCfg = Release|Any CPU
		{9AACF467-9BFB-4755-9614-2AA66CC5D529}.Release|Any CPU.Build.0 = Release|Any CPU
		{17B8E869-C946-4B6B-870D-AF6CF0F86C29}.Debug|Any CPU.ActiveCfg = Debug|Any CPU
		{17B8E869-C946-4B6B-870D-AF6CF0F86C29}.Debug|Any CPU.Build.0 = Debug|Any CPU
		{17B8E869-C946-4B6B-870D-AF6CF0F86C29}.Release|Any CPU.ActiveCfg = Release|Any CPU
		{17B8E869-C946-4B6B-870D-AF6CF0F86C29}.Release|Any CPU.Build.0 = Release|Any CPU
		{091CEF36-ACF7-4C4D-A5C8-484C7BFA426B}.Debug|Any CPU.ActiveCfg = Debug|Any CPU
		{091CEF36-ACF7-4C4D-A5C8-484C7BFA426B}.Debug|Any CPU.Build.0 = Debug|Any CPU
		{091CEF36-ACF7-4C4D-A5C8-484C7BFA426B}.Release|Any CPU.ActiveCfg = Release|Any CPU
		{091CEF36-ACF7-4C4D-A5C8-484C7BFA426B}.Release|Any CPU.Build.0 = Release|Any CPU
	EndGlobalSection
	GlobalSection(SolutionProperties) = preSolution
		HideSolutionNode = FALSE
	EndGlobalSection
	GlobalSection(ExtensibilityGlobals) = postSolution
		SolutionGuid = {2B346C73-5A87-4A39-BFA7-2D3D40C8CD89}
	EndGlobalSection
EndGlobal
