
Microsoft Visual Studio Solution File, Format Version 12.00
# Visual Studio 14
VisualStudioVersion = 14.0.25420.1
MinimumVisualStudioVersion = 10.0.40219.1
Project("{FAE04EC0-301F-11D3-BF4B-00C04F79EFBC}") = "TsAnalyser", "TsAnalyser.csproj", "{4583A25C-D61A-44A3-B839-A55B091F6187}"
EndProject

Global
	GlobalSection(SolutionConfigurationPlatforms) = preSolution
		Debug|Any CPU = Debug|Any CPU
		Release|Any CPU = Release|Any CPU
	EndGlobalSection
	GlobalSection(ProjectConfigurationPlatforms) = postSolution
		{4583A25C-D61A-44A3-B839-A55B091F6187}.Debug|Any CPU.ActiveCfg = Debug|Any CPU
		{4583A25C-D61A-44A3-B839-A55B091F6187}.Debug|Any CPU.Build.0 = Debug|Any CPU
		{4583A25C-D61A-44A3-B839-A55B091F6187}.Release|Any CPU.ActiveCfg = Release|Any CPU
		{4583A25C-D61A-44A3-B839-A55B091F6187}.Release|Any CPU.Build.0 = Release|Any CPU
		{838E853D-214B-406F-843D-A76A1FE42C6C}.Debug|Any CPU.ActiveCfg = Debug|Any CPU
		{838E853D-214B-406F-843D-A76A1FE42C6C}.Debug|Any CPU.Build.0 = Debug|Any CPU
		{838E853D-214B-406F-843D-A76A1FE42C6C}.Release|Any CPU.ActiveCfg = Release|Any CPU
		{838E853D-214B-406F-843D-A76A1FE42C6C}.Release|Any CPU.Build.0 = Release|Any CPU
		{77B7A456-9C1B-49D8-93F3-58966473232D}.Debug|Any CPU.ActiveCfg = Debug|Any CPU
		{77B7A456-9C1B-49D8-93F3-58966473232D}.Debug|Any CPU.Build.0 = Debug|Any CPU
		{77B7A456-9C1B-49D8-93F3-58966473232D}.Release|Any CPU.ActiveCfg = Release|Any CPU
		{77B7A456-9C1B-49D8-93F3-58966473232D}.Release|Any CPU.Build.0 = Release|Any CPU
	EndGlobalSection
	GlobalSection(SolutionProperties) = preSolution
		HideSolutionNode = FALSE
	EndGlobalSection
EndGlobal
